
Microsoft Visual Studio Solution File, Format Version 12.00
# Visual Studio Version 16
VisualStudioVersion = 16.0.28729.10
MinimumVisualStudioVersion = 10.0.40219.1
Project("{9A19103F-16F7-4668-BE54-9A1E7A4F7556}") = "SudoC_Main", "SudoC_Main\SudoC_Main.csproj", "{A2D096BD-9D90-45CD-A7C0-DC66A5CDD6A0}"
EndProject
Project("{FAE04EC0-301F-11D3-BF4B-00C04F79EFBC}") = "SudoC_Windows", "SudoC_Windows\SudoC_Windows.csproj", "{67AEBB89-2B00-42C5-A3AE-84BFEE99F0ED}"
EndProject
Project("{9A19103F-16F7-4668-BE54-9A1E7A4F7556}") = "SudoC_Dotnet", "SudoC_Dotnet\SudoC_Dotnet.csproj", "{69FA827E-C64B-4700-8377-11C3E8F3CA49}"
EndProject
Project("{FAE04EC0-301F-11D3-BF4B-00C04F79EFBC}") = "SudoC_Studio", "SudoC_Studio\SudoC_Studio.csproj", "{35B82FBE-5428-4CE9-B422-3C0B221506C3}"
EndProject
Global
	GlobalSection(SolutionConfigurationPlatforms) = preSolution
		Debug|Any CPU = Debug|Any CPU
		Debug|x64 = Debug|x64
		Release|Any CPU = Release|Any CPU
		Release|x64 = Release|x64
	EndGlobalSection
	GlobalSection(ProjectConfigurationPlatforms) = postSolution
		{A2D096BD-9D90-45CD-A7C0-DC66A5CDD6A0}.Debug|Any CPU.ActiveCfg = Debug|Any CPU
		{A2D096BD-9D90-45CD-A7C0-DC66A5CDD6A0}.Debug|Any CPU.Build.0 = Debug|Any CPU
		{A2D096BD-9D90-45CD-A7C0-DC66A5CDD6A0}.Debug|x64.ActiveCfg = Debug|x64
		{A2D096BD-9D90-45CD-A7C0-DC66A5CDD6A0}.Debug|x64.Build.0 = Debug|x64
		{A2D096BD-9D90-45CD-A7C0-DC66A5CDD6A0}.Release|Any CPU.ActiveCfg = Release|Any CPU
		{A2D096BD-9D90-45CD-A7C0-DC66A5CDD6A0}.Release|Any CPU.Build.0 = Release|Any CPU
		{A2D096BD-9D90-45CD-A7C0-DC66A5CDD6A0}.Release|x64.ActiveCfg = Release|x64
		{A2D096BD-9D90-45CD-A7C0-DC66A5CDD6A0}.Release|x64.Build.0 = Release|x64
		{67AEBB89-2B00-42C5-A3AE-84BFEE99F0ED}.Debug|Any CPU.ActiveCfg = Debug|Any CPU
		{67AEBB89-2B00-42C5-A3AE-84BFEE99F0ED}.Debug|Any CPU.Build.0 = Debug|Any CPU
		{67AEBB89-2B00-42C5-A3AE-84BFEE99F0ED}.Debug|x64.ActiveCfg = Debug|x64
		{67AEBB89-2B00-42C5-A3AE-84BFEE99F0ED}.Debug|x64.Build.0 = Debug|x64
		{67AEBB89-2B00-42C5-A3AE-84BFEE99F0ED}.Release|Any CPU.ActiveCfg = Release|Any CPU
		{67AEBB89-2B00-42C5-A3AE-84BFEE99F0ED}.Release|Any CPU.Build.0 = Release|Any CPU
		{67AEBB89-2B00-42C5-A3AE-84BFEE99F0ED}.Release|x64.ActiveCfg = Release|x64
		{67AEBB89-2B00-42C5-A3AE-84BFEE99F0ED}.Release|x64.Build.0 = Release|x64
		{69FA827E-C64B-4700-8377-11C3E8F3CA49}.Debug|Any CPU.ActiveCfg = Debug|Any CPU
		{69FA827E-C64B-4700-8377-11C3E8F3CA49}.Debug|Any CPU.Build.0 = Debug|Any CPU
		{69FA827E-C64B-4700-8377-11C3E8F3CA49}.Debug|x64.ActiveCfg = Debug|x64
		{69FA827E-C64B-4700-8377-11C3E8F3CA49}.Debug|x64.Build.0 = Debug|x64
		{69FA827E-C64B-4700-8377-11C3E8F3CA49}.Release|Any CPU.ActiveCfg = Release|Any CPU
		{69FA827E-C64B-4700-8377-11C3E8F3CA49}.Release|Any CPU.Build.0 = Release|Any CPU
		{69FA827E-C64B-4700-8377-11C3E8F3CA49}.Release|x64.ActiveCfg = Release|x64
		{69FA827E-C64B-4700-8377-11C3E8F3CA49}.Release|x64.Build.0 = Release|x64
		{35B82FBE-5428-4CE9-B422-3C0B221506C3}.Debug|Any CPU.ActiveCfg = Debug|Any CPU
		{35B82FBE-5428-4CE9-B422-3C0B221506C3}.Debug|Any CPU.Build.0 = Debug|Any CPU
		{35B82FBE-5428-4CE9-B422-3C0B221506C3}.Debug|x64.ActiveCfg = Debug|x64
		{35B82FBE-5428-4CE9-B422-3C0B221506C3}.Debug|x64.Build.0 = Debug|x64
		{35B82FBE-5428-4CE9-B422-3C0B221506C3}.Release|Any CPU.ActiveCfg = Release|Any CPU
		{35B82FBE-5428-4CE9-B422-3C0B221506C3}.Release|Any CPU.Build.0 = Release|Any CPU
		{35B82FBE-5428-4CE9-B422-3C0B221506C3}.Release|x64.ActiveCfg = Release|x64
		{35B82FBE-5428-4CE9-B422-3C0B221506C3}.Release|x64.Build.0 = Release|x64
	EndGlobalSection
	GlobalSection(SolutionProperties) = preSolution
		HideSolutionNode = FALSE
	EndGlobalSection
	GlobalSection(ExtensibilityGlobals) = postSolution
		SolutionGuid = {6458CCB4-3066-4BAA-A118-2A88F32902B0}
	EndGlobalSection
EndGlobal
